
Microsoft Visual Studio Solution File, Format Version 12.00
# Visual Studio Version 17
VisualStudioVersion = 17.6.33712.159
MinimumVisualStudioVersion = 10.0.40219.1
Project("{FAE04EC0-301F-11D3-BF4B-00C04F79EFBC}") = "primerParciasnm1.Consola", "primerParciasnm1.Consola\primerParciasnm1.Consola.csproj", "{81F38941-F637-47B1-837E-5ED29D3574A4}"
EndProject
Project("{FAE04EC0-301F-11D3-BF4B-00C04F79EFBC}") = "primerParcialsnm1.Windows", "primerParcialsnm1.Windows\primerParcialsnm1.Windows.csproj", "{9C90D672-5E9B-43FB-989D-6EB4C33D11EA}"
EndProject
Global
	GlobalSection(SolutionConfigurationPlatforms) = preSolution
		Debug|Any CPU = Debug|Any CPU
		Release|Any CPU = Release|Any CPU
	EndGlobalSection
	GlobalSection(ProjectConfigurationPlatforms) = postSolution
		{81F38941-F637-47B1-837E-5ED29D3574A4}.Debug|Any CPU.ActiveCfg = Debug|Any CPU
		{81F38941-F637-47B1-837E-5ED29D3574A4}.Debug|Any CPU.Build.0 = Debug|Any CPU
		{81F38941-F637-47B1-837E-5ED29D3574A4}.Release|Any CPU.ActiveCfg = Release|Any CPU
		{81F38941-F637-47B1-837E-5ED29D3574A4}.Release|Any CPU.Build.0 = Release|Any CPU
		{9C90D672-5E9B-43FB-989D-6EB4C33D11EA}.Debug|Any CPU.ActiveCfg = Debug|Any CPU
		{9C90D672-5E9B-43FB-989D-6EB4C33D11EA}.Debug|Any CPU.Build.0 = Debug|Any CPU
		{9C90D672-5E9B-43FB-989D-6EB4C33D11EA}.Release|Any CPU.ActiveCfg = Release|Any CPU
		{9C90D672-5E9B-43FB-989D-6EB4C33D11EA}.Release|Any CPU.Build.0 = Release|Any CPU
	EndGlobalSection
	GlobalSection(SolutionProperties) = preSolution
		HideSolutionNode = FALSE
	EndGlobalSection
	GlobalSection(ExtensibilityGlobals) = postSolution
		SolutionGuid = {C017F672-81D4-4751-BFC6-87D27696D2FC}
	EndGlobalSection
EndGlobal
